
Microsoft Visual Studio Solution File, Format Version 12.00
# Visual Studio Version 17
VisualStudioVersion = 17.2.32616.157
MinimumVisualStudioVersion = 10.0.40219.1
Project("{FAE04EC0-301F-11D3-BF4B-00C04F79EFBC}") = "NoteTakingAppWeb", "NoteTakingAppWeb\NoteTakingAppWeb.csproj", "{D300D2F8-5D96-427A-BF9A-1551339C4D29}"
EndProject
Global
	GlobalSection(SolutionConfigurationPlatforms) = preSolution
		Debug|Any CPU = Debug|Any CPU
		Release|Any CPU = Release|Any CPU
	EndGlobalSection
	GlobalSection(ProjectConfigurationPlatforms) = postSolution
		{D300D2F8-5D96-427A-BF9A-1551339C4D29}.Debug|Any CPU.ActiveCfg = Debug|Any CPU
		{D300D2F8-5D96-427A-BF9A-1551339C4D29}.Debug|Any CPU.Build.0 = Debug|Any CPU
		{D300D2F8-5D96-427A-BF9A-1551339C4D29}.Release|Any CPU.ActiveCfg = Release|Any CPU
		{D300D2F8-5D96-427A-BF9A-1551339C4D29}.Release|Any CPU.Build.0 = Release|Any CPU
	EndGlobalSection
	GlobalSection(SolutionProperties) = preSolution
		HideSolutionNode = FALSE
	EndGlobalSection
	GlobalSection(ExtensibilityGlobals) = postSolution
		SolutionGuid = {34385824-06FE-4FB8-BCF9-2A9875EEAA91}
	EndGlobalSection
EndGlobal
